// !$*UTF8*$!
{
	archiveVersion = 1;
	classes = {
	};
	objectVersion = 56;
	objects = {

/* Begin PBXBuildFile section */
		163CA2512B0419E7004401DF /* AppDelegate.swift in Sources */ = {isa = PBXBuildFile; fileRef = 163CA2502B0419E7004401DF /* AppDelegate.swift */; };
		163CA2532B0419E7004401DF /* SceneDelegate.swift in Sources */ = {isa = PBXBuildFile; fileRef = 163CA2522B0419E7004401DF /* SceneDelegate.swift */; };
		163CA2552B0419E7004401DF /* ViewController.swift in Sources */ = {isa = PBXBuildFile; fileRef = 163CA2542B0419E7004401DF /* ViewController.swift */; };
		163CA2582B0419E8004401DF /* Main.storyboard in Resources */ = {isa = PBXBuildFile; fileRef = 163CA2562B0419E8004401DF /* Main.storyboard */; };
		163CA25A2B0419EA004401DF /* Assets.xcassets in Resources */ = {isa = PBXBuildFile; fileRef = 163CA2592B0419EA004401DF /* Assets.xcassets */; };
		163CA25D2B0419EA004401DF /* LaunchScreen.storyboard in Resources */ = {isa = PBXBuildFile; fileRef = 163CA25B2B0419EA004401DF /* LaunchScreen.storyboard */; };
		163CA2682B0419EA004401DF /* AuthorizationTests.swift in Sources */ = {isa = PBXBuildFile; fileRef = 163CA2672B0419EA004401DF /* AuthorizationTests.swift */; };
		163CA2722B0419EA004401DF /* AuthorizationUITests.swift in Sources */ = {isa = PBXBuildFile; fileRef = 163CA2712B0419EA004401DF /* AuthorizationUITests.swift */; };
		163CA2742B0419EA004401DF /* AuthorizationUITestsLaunchTests.swift in Sources */ = {isa = PBXBuildFile; fileRef = 163CA2732B0419EA004401DF /* AuthorizationUITestsLaunchTests.swift */; };
		163CA2812B041D02004401DF /* UserStructure.swift in Sources */ = {isa = PBXBuildFile; fileRef = 163CA2802B041D02004401DF /* UserStructure.swift */; };
		163CA2832B049F6B004401DF /* RegistrationViewController.swift in Sources */ = {isa = PBXBuildFile; fileRef = 163CA2822B049F6B004401DF /* RegistrationViewController.swift */; };
		163CA2872B04AAC0004401DF /* ChangePasswordViewController.swift in Sources */ = {isa = PBXBuildFile; fileRef = 163CA2862B04AAC0004401DF /* ChangePasswordViewController.swift */; };
/* End PBXBuildFile section */

/* Begin PBXContainerItemProxy section */
		163CA2642B0419EA004401DF /* PBXContainerItemProxy */ = {
			isa = PBXContainerItemProxy;
			containerPortal = 163CA2452B0419E7004401DF /* Project object */;
			proxyType = 1;
			remoteGlobalIDString = 163CA24C2B0419E7004401DF;
			remoteInfo = Authorization;
		};
		163CA26E2B0419EA004401DF /* PBXContainerItemProxy */ = {
			isa = PBXContainerItemProxy;
			containerPortal = 163CA2452B0419E7004401DF /* Project object */;
			proxyType = 1;
			remoteGlobalIDString = 163CA24C2B0419E7004401DF;
			remoteInfo = Authorization;
		};
/* End PBXContainerItemProxy section */

/* Begin PBXFileReference section */
		163CA24D2B0419E7004401DF /* Authorization.app */ = {isa = PBXFileReference; explicitFileType = wrapper.application; includeInIndex = 0; path = Authorization.app; sourceTree = BUILT_PRODUCTS_DIR; };
		163CA2502B0419E7004401DF /* AppDelegate.swift */ = {isa = PBXFileReference; lastKnownFileType = sourcecode.swift; path = AppDelegate.swift; sourceTree = "<group>"; };
		163CA2522B0419E7004401DF /* SceneDelegate.swift */ = {isa = PBXFileReference; lastKnownFileType = sourcecode.swift; path = SceneDelegate.swift; sourceTree = "<group>"; };
		163CA2542B0419E7004401DF /* ViewController.swift */ = {isa = PBXFileReference; lastKnownFileType = sourcecode.swift; path = ViewController.swift; sourceTree = "<group>"; };
		163CA2572B0419E8004401DF /* Base */ = {isa = PBXFileReference; lastKnownFileType = file.storyboard; name = Base; path = Base.lproj/Main.storyboard; sourceTree = "<group>"; };
		163CA2592B0419EA004401DF /* Assets.xcassets */ = {isa = PBXFileReference; lastKnownFileType = folder.assetcatalog; path = Assets.xcassets; sourceTree = "<group>"; };
		163CA25C2B0419EA004401DF /* Base */ = {isa = PBXFileReference; lastKnownFileType = file.storyboard; name = Base; path = Base.lproj/LaunchScreen.storyboard; sourceTree = "<group>"; };
		163CA25E2B0419EA004401DF /* Info.plist */ = {isa = PBXFileReference; lastKnownFileType = text.plist.xml; path = Info.plist; sourceTree = "<group>"; };
		163CA2632B0419EA004401DF /* AuthorizationTests.xctest */ = {isa = PBXFileReference; explicitFileType = wrapper.cfbundle; includeInIndex = 0; path = AuthorizationTests.xctest; sourceTree = BUILT_PRODUCTS_DIR; };
		163CA2672B0419EA004401DF /* AuthorizationTests.swift */ = {isa = PBXFileReference; lastKnownFileType = sourcecode.swift; path = AuthorizationTests.swift; sourceTree = "<group>"; };
		163CA26D2B0419EA004401DF /* AuthorizationUITests.xctest */ = {isa = PBXFileReference; explicitFileType = wrapper.cfbundle; includeInIndex = 0; path = AuthorizationUITests.xctest; sourceTree = BUILT_PRODUCTS_DIR; };
		163CA2712B0419EA004401DF /* AuthorizationUITests.swift */ = {isa = PBXFileReference; lastKnownFileType = sourcecode.swift; path = AuthorizationUITests.swift; sourceTree = "<group>"; };
		163CA2732B0419EA004401DF /* AuthorizationUITestsLaunchTests.swift */ = {isa = PBXFileReference; lastKnownFileType = sourcecode.swift; path = AuthorizationUITestsLaunchTests.swift; sourceTree = "<group>"; };
		163CA2802B041D02004401DF /* UserStructure.swift */ = {isa = PBXFileReference; lastKnownFileType = sourcecode.swift; path = UserStructure.swift; sourceTree = "<group>"; };
		163CA2822B049F6B004401DF /* RegistrationViewController.swift */ = {isa = PBXFileReference; lastKnownFileType = sourcecode.swift; path = RegistrationViewController.swift; sourceTree = "<group>"; };
		163CA2862B04AAC0004401DF /* ChangePasswordViewController.swift */ = {isa = PBXFileReference; lastKnownFileType = sourcecode.swift; path = ChangePasswordViewController.swift; sourceTree = "<group>"; };
/* End PBXFileReference section */

/* Begin PBXFrameworksBuildPhase section */
		163CA24A2B0419E7004401DF /* Frameworks */ = {
			isa = PBXFrameworksBuildPhase;
			buildActionMask = 2147483647;
			files = (
			);
			runOnlyForDeploymentPostprocessing = 0;
		};
		163CA2602B0419EA004401DF /* Frameworks */ = {
			isa = PBXFrameworksBuildPhase;
			buildActionMask = 2147483647;
			files = (
			);
			runOnlyForDeploymentPostprocessing = 0;
		};
		163CA26A2B0419EA004401DF /* Frameworks */ = {
			isa = PBXFrameworksBuildPhase;
			buildActionMask = 2147483647;
			files = (
			);
			runOnlyForDeploymentPostprocessing = 0;
		};
/* End PBXFrameworksBuildPhase section */

/* Begin PBXGroup section */
		163CA2442B0419E7004401DF = {
			isa = PBXGroup;
			children = (
				163CA24F2B0419E7004401DF /* Authorization */,
				163CA2662B0419EA004401DF /* AuthorizationTests */,
				163CA2702B0419EA004401DF /* AuthorizationUITests */,
				163CA24E2B0419E7004401DF /* Products */,
			);
			sourceTree = "<group>";
		};
		163CA24E2B0419E7004401DF /* Products */ = {
			isa = PBXGroup;
			children = (
				163CA24D2B0419E7004401DF /* Authorization.app */,
				163CA2632B0419EA004401DF /* AuthorizationTests.xctest */,
				163CA26D2B0419EA004401DF /* AuthorizationUITests.xctest */,
			);
			name = Products;
			sourceTree = "<group>";
		};
		163CA24F2B0419E7004401DF /* Authorization */ = {
			isa = PBXGroup;
			children = (
				163CA2502B0419E7004401DF /* AppDelegate.swift */,
				163CA2522B0419E7004401DF /* SceneDelegate.swift */,
				163CA2542B0419E7004401DF /* ViewController.swift */,
				163CA2562B0419E8004401DF /* Main.storyboard */,
				163CA2862B04AAC0004401DF /* ChangePasswordViewController.swift */,
				163CA2822B049F6B004401DF /* RegistrationViewController.swift */,
				163CA2802B041D02004401DF /* UserStructure.swift */,
				163CA2592B0419EA004401DF /* Assets.xcassets */,
				163CA25B2B0419EA004401DF /* LaunchScreen.storyboard */,
				163CA25E2B0419EA004401DF /* Info.plist */,
			);
			path = Authorization;
			sourceTree = "<group>";
		};
		163CA2662B0419EA004401DF /* AuthorizationTests */ = {
			isa = PBXGroup;
			children = (
				163CA2672B0419EA004401DF /* AuthorizationTests.swift */,
			);
			path = AuthorizationTests;
			sourceTree = "<group>";
		};
		163CA2702B0419EA004401DF /* AuthorizationUITests */ = {
			isa = PBXGroup;
			children = (
				163CA2712B0419EA004401DF /* AuthorizationUITests.swift */,
				163CA2732B0419EA004401DF /* AuthorizationUITestsLaunchTests.swift */,
			);
			path = AuthorizationUITests;
			sourceTree = "<group>";
		};
/* End PBXGroup section */

/* Begin PBXNativeTarget section */
		163CA24C2B0419E7004401DF /* Authorization */ = {
			isa = PBXNativeTarget;
			buildConfigurationList = 163CA2772B0419EA004401DF /* Build configuration list for PBXNativeTarget "Authorization" */;
			buildPhases = (
				163CA2492B0419E7004401DF /* Sources */,
				163CA24A2B0419E7004401DF /* Frameworks */,
				163CA24B2B0419E7004401DF /* Resources */,
			);
			buildRules = (
			);
			dependencies = (
			);
			name = Authorization;
			productName = Authorization;
			productReference = 163CA24D2B0419E7004401DF /* Authorization.app */;
			productType = "com.apple.product-type.application";
		};
		163CA2622B0419EA004401DF /* AuthorizationTests */ = {
			isa = PBXNativeTarget;
			buildConfigurationList = 163CA27A2B0419EA004401DF /* Build configuration list for PBXNativeTarget "AuthorizationTests" */;
			buildPhases = (
				163CA25F2B0419EA004401DF /* Sources */,
				163CA2602B0419EA004401DF /* Frameworks */,
				163CA2612B0419EA004401DF /* Resources */,
			);
			buildRules = (
			);
			dependencies = (
				163CA2652B0419EA004401DF /* PBXTargetDependency */,
			);
			name = AuthorizationTests;
			productName = AuthorizationTests;
			productReference = 163CA2632B0419EA004401DF /* AuthorizationTests.xctest */;
			productType = "com.apple.product-type.bundle.unit-test";
		};
		163CA26C2B0419EA004401DF /* AuthorizationUITests */ = {
			isa = PBXNativeTarget;
			buildConfigurationList = 163CA27D2B0419EA004401DF /* Build configuration list for PBXNativeTarget "AuthorizationUITests" */;
			buildPhases = (
				163CA2692B0419EA004401DF /* Sources */,
				163CA26A2B0419EA004401DF /* Frameworks */,
				163CA26B2B0419EA004401DF /* Resources */,
			);
			buildRules = (
			);
			dependencies = (
				163CA26F2B0419EA004401DF /* PBXTargetDependency */,
			);
			name = AuthorizationUITests;
			productName = AuthorizationUITests;
			productReference = 163CA26D2B0419EA004401DF /* AuthorizationUITests.xctest */;
			productType = "com.apple.product-type.bundle.ui-testing";
		};
/* End PBXNativeTarget section */

/* Begin PBXProject section */
		163CA2452B0419E7004401DF /* Project object */ = {
			isa = PBXProject;
			attributes = {
				BuildIndependentTargetsInParallel = 1;
				LastSwiftUpdateCheck = 1500;
				LastUpgradeCheck = 1500;
				TargetAttributes = {
					163CA24C2B0419E7004401DF = {
						CreatedOnToolsVersion = 15.0.1;
					};
					163CA2622B0419EA004401DF = {
						CreatedOnToolsVersion = 15.0.1;
						TestTargetID = 163CA24C2B0419E7004401DF;
					};
					163CA26C2B0419EA004401DF = {
						CreatedOnToolsVersion = 15.0.1;
						TestTargetID = 163CA24C2B0419E7004401DF;
					};
				};
			};
			buildConfigurationList = 163CA2482B0419E7004401DF /* Build configuration list for PBXProject "Authorization" */;
			compatibilityVersion = "Xcode 14.0";
			developmentRegion = en;
			hasScannedForEncodings = 0;
			knownRegions = (
				en,
				Base,
			);
			mainGroup = 163CA2442B0419E7004401DF;
			productRefGroup = 163CA24E2B0419E7004401DF /* Products */;
			projectDirPath = "";
			projectRoot = "";
			targets = (
				163CA24C2B0419E7004401DF /* Authorization */,
				163CA2622B0419EA004401DF /* AuthorizationTests */,
				163CA26C2B0419EA004401DF /* AuthorizationUITests */,
			);
		};
/* End PBXProject section */

/* Begin PBXResourcesBuildPhase section */
		163CA24B2B0419E7004401DF /* Resources */ = {
			isa = PBXResourcesBuildPhase;
			buildActionMask = 2147483647;
			files = (
				163CA25D2B0419EA004401DF /* LaunchScreen.storyboard in Resources */,
				163CA25A2B0419EA004401DF /* Assets.xcassets in Resources */,
				163CA2582B0419E8004401DF /* Main.storyboard in Resources */,
			);
			runOnlyForDeploymentPostprocessing = 0;
		};
		163CA2612B0419EA004401DF /* Resources */ = {
			isa = PBXResourcesBuildPhase;
			buildActionMask = 2147483647;
			files = (
			);
			runOnlyForDeploymentPostprocessing = 0;
		};
		163CA26B2B0419EA004401DF /* Resources */ = {
			isa = PBXResourcesBuildPhase;
			buildActionMask = 2147483647;
			files = (
			);
			runOnlyForDeploymentPostprocessing = 0;
		};
/* End PBXResourcesBuildPhase section */

/* Begin PBXSourcesBuildPhase section */
		163CA2492B0419E7004401DF /* Sources */ = {
			isa = PBXSourcesBuildPhase;
			buildActionMask = 2147483647;
			files = (
				163CA2552B0419E7004401DF /* ViewController.swift in Sources */,
				163CA2512B0419E7004401DF /* AppDelegate.swift in Sources */,
				163CA2812B041D02004401DF /* UserStructure.swift in Sources */,
				163CA2872B04AAC0004401DF /* ChangePasswordViewController.swift in Sources */,
				163CA2532B0419E7004401DF /* SceneDelegate.swift in Sources */,
				163CA2832B049F6B004401DF /* RegistrationViewController.swift in Sources */,
			);
			runOnlyForDeploymentPostprocessing = 0;
		};
		163CA25F2B0419EA004401DF /* Sources */ = {
			isa = PBXSourcesBuildPhase;
			buildActionMask = 2147483647;
			files = (
				163CA2682B0419EA004401DF /* AuthorizationTests.swift in Sources */,
			);
			runOnlyForDeploymentPostprocessing = 0;
		};
		163CA2692B0419EA004401DF /* Sources */ = {
			isa = PBXSourcesBuildPhase;
			buildActionMask = 2147483647;
			files = (
				163CA2742B0419EA004401DF /* AuthorizationUITestsLaunchTests.swift in Sources */,
				163CA2722B0419EA004401DF /* AuthorizationUITests.swift in Sources */,
			);
			runOnlyForDeploymentPostprocessing = 0;
		};
/* End PBXSourcesBuildPhase section */

/* Begin PBXTargetDependency section */
		163CA2652B0419EA004401DF /* PBXTargetDependency */ = {
			isa = PBXTargetDependency;
			target = 163CA24C2B0419E7004401DF /* Authorization */;
			targetProxy = 163CA2642B0419EA004401DF /* PBXContainerItemProxy */;
		};
		163CA26F2B0419EA004401DF /* PBXTargetDependency */ = {
			isa = PBXTargetDependency;
			target = 163CA24C2B0419E7004401DF /* Authorization */;
			targetProxy = 163CA26E2B0419EA004401DF /* PBXContainerItemProxy */;
		};
/* End PBXTargetDependency section */

/* Begin PBXVariantGroup section */
		163CA2562B0419E8004401DF /* Main.storyboard */ = {
			isa = PBXVariantGroup;
			children = (
				163CA2572B0419E8004401DF /* Base */,
			);
			name = Main.storyboard;
			sourceTree = "<group>";
		};
		163CA25B2B0419EA004401DF /* LaunchScreen.storyboard */ = {
			isa = PBXVariantGroup;
			children = (
				163CA25C2B0419EA004401DF /* Base */,
			);
			name = LaunchScreen.storyboard;
			sourceTree = "<group>";
		};
/* End PBXVariantGroup section */

/* Begin XCBuildConfiguration section */
		163CA2752B0419EA004401DF /* Debug */ = {
			isa = XCBuildConfiguration;
			buildSettings = {
				ALWAYS_SEARCH_USER_PATHS = NO;
				ASSETCATALOG_COMPILER_GENERATE_SWIFT_ASSET_SYMBOL_EXTENSIONS = YES;
				CLANG_ANALYZER_NONNULL = YES;
				CLANG_ANALYZER_NUMBER_OBJECT_CONVERSION = YES_AGGRESSIVE;
				CLANG_CXX_LANGUAGE_STANDARD = "gnu++20";
				CLANG_ENABLE_MODULES = YES;
				CLANG_ENABLE_OBJC_ARC = YES;
				CLANG_ENABLE_OBJC_WEAK = YES;
				CLANG_WARN_BLOCK_CAPTURE_AUTORELEASING = YES;
				CLANG_WARN_BOOL_CONVERSION = YES;
				CLANG_WARN_COMMA = YES;
				CLANG_WARN_CONSTANT_CONVERSION = YES;
				CLANG_WARN_DEPRECATED_OBJC_IMPLEMENTATIONS = YES;
				CLANG_WARN_DIRECT_OBJC_ISA_USAGE = YES_ERROR;
				CLANG_WARN_DOCUMENTATION_COMMENTS = YES;
				CLANG_WARN_EMPTY_BODY = YES;
				CLANG_WARN_ENUM_CONVERSION = YES;
				CLANG_WARN_INFINITE_RECURSION = YES;
				CLANG_WARN_INT_CONVERSION = YES;
				CLANG_WARN_NON_LITERAL_NULL_CONVERSION = YES;
				CLANG_WARN_OBJC_IMPLICIT_RETAIN_SELF = YES;
				CLANG_WARN_OBJC_LITERAL_CONVERSION = YES;
				CLANG_WARN_OBJC_ROOT_CLASS = YES_ERROR;
				CLANG_WARN_QUOTED_INCLUDE_IN_FRAMEWORK_HEADER = YES;
				CLANG_WARN_RANGE_LOOP_ANALYSIS = YES;
				CLANG_WARN_STRICT_PROTOTYPES = YES;
				CLANG_WARN_SUSPICIOUS_MOVE = YES;
				CLANG_WARN_UNGUARDED_AVAILABILITY = YES_AGGRESSIVE;
				CLANG_WARN_UNREACHABLE_CODE = YES;
				CLANG_WARN__DUPLICATE_METHOD_MATCH = YES;
				COPY_PHASE_STRIP = NO;
				DEBUG_INFORMATION_FORMAT = dwarf;
				ENABLE_STRICT_OBJC_MSGSEND = YES;
				ENABLE_TESTABILITY = YES;
				ENABLE_USER_SCRIPT_SANDBOXING = YES;
				GCC_C_LANGUAGE_STANDARD = gnu17;
				GCC_DYNAMIC_NO_PIC = NO;
				GCC_NO_COMMON_BLOCKS = YES;
				GCC_OPTIMIZATION_LEVEL = 0;
				GCC_PREPROCESSOR_DEFINITIONS = (
					"DEBUG=1",
					"$(inherited)",
				);
				GCC_WARN_64_TO_32_BIT_CONVERSION = YES;
				GCC_WARN_ABOUT_RETURN_TYPE = YES_ERROR;
				GCC_WARN_UNDECLARED_SELECTOR = YES;
				GCC_WARN_UNINITIALIZED_AUTOS = YES_AGGRESSIVE;
				GCC_WARN_UNUSED_FUNCTION = YES;
				GCC_WARN_UNUSED_VARIABLE = YES;
				IPHONEOS_DEPLOYMENT_TARGET = 17.0;
				LOCALIZATION_PREFERS_STRING_CATALOGS = YES;
				MTL_ENABLE_DEBUG_INFO = INCLUDE_SOURCE;
				MTL_FAST_MATH = YES;
				ONLY_ACTIVE_ARCH = YES;
				SDKROOT = iphoneos;
				SWIFT_ACTIVE_COMPILATION_CONDITIONS = "DEBUG $(inherited)";
				SWIFT_OPTIMIZATION_LEVEL = "-Onone";
			};
			name = Debug;
		};
		163CA2762B0419EA004401DF /* Release */ = {
			isa = XCBuildConfiguration;
			buildSettings = {
				ALWAYS_SEARCH_USER_PATHS = NO;
				ASSETCATALOG_COMPILER_GENERATE_SWIFT_ASSET_SYMBOL_EXTENSIONS = YES;
				CLANG_ANALYZER_NONNULL = YES;
				CLANG_ANALYZER_NUMBER_OBJECT_CONVERSION = YES_AGGRESSIVE;
				CLANG_CXX_LANGUAGE_STANDARD = "gnu++20";
				CLANG_ENABLE_MODULES = YES;
				CLANG_ENABLE_OBJC_ARC = YES;
				CLANG_ENABLE_OBJC_WEAK = YES;
				CLANG_WARN_BLOCK_CAPTURE_AUTORELEASING = YES;
				CLANG_WARN_BOOL_CONVERSION = YES;
				CLANG_WARN_COMMA = YES;
				CLANG_WARN_CONSTANT_CONVERSION = YES;
				CLANG_WARN_DEPRECATED_OBJC_IMPLEMENTATIONS = YES;
				CLANG_WARN_DIRECT_OBJC_ISA_USAGE = YES_ERROR;
				CLANG_WARN_DOCUMENTATION_COMMENTS = YES;
				CLANG_WARN_EMPTY_BODY = YES;
				CLANG_WARN_ENUM_CONVERSION = YES;
				CLANG_WARN_INFINITE_RECURSION = YES;
				CLANG_WARN_INT_CONVERSION = YES;
				CLANG_WARN_NON_LITERAL_NULL_CONVERSION = YES;
				CLANG_WARN_OBJC_IMPLICIT_RETAIN_SELF = YES;
				CLANG_WARN_OBJC_LITERAL_CONVERSION = YES;
				CLANG_WARN_OBJC_ROOT_CLASS = YES_ERROR;
				CLANG_WARN_QUOTED_INCLUDE_IN_FRAMEWORK_HEADER = YES;
				CLANG_WARN_RANGE_LOOP_ANALYSIS = YES;
				CLANG_WARN_STRICT_PROTOTYPES = YES;
				CLANG_WARN_SUSPICIOUS_MOVE = YES;
				CLANG_WARN_UNGUARDED_AVAILABILITY = YES_AGGRESSIVE;
				CLANG_WARN_UNREACHABLE_CODE = YES;
				CLANG_WARN__DUPLICATE_METHOD_MATCH = YES;
				COPY_PHASE_STRIP = NO;
				DEBUG_INFORMATION_FORMAT = "dwarf-with-dsym";
				ENABLE_NS_ASSERTIONS = NO;
				ENABLE_STRICT_OBJC_MSGSEND = YES;
				ENABLE_USER_SCRIPT_SANDBOXING = YES;
				GCC_C_LANGUAGE_STANDARD = gnu17;
				GCC_NO_COMMON_BLOCKS = YES;
				GCC_WARN_64_TO_32_BIT_CONVERSION = YES;
				GCC_WARN_ABOUT_RETURN_TYPE = YES_ERROR;
				GCC_WARN_UNDECLARED_SELECTOR = YES;
				GCC_WARN_UNINITIALIZED_AUTOS = YES_AGGRESSIVE;
				GCC_WARN_UNUSED_FUNCTION = YES;
				GCC_WARN_UNUSED_VARIABLE = YES;
				IPHONEOS_DEPLOYMENT_TARGET = 17.0;
				LOCALIZATION_PREFERS_STRING_CATALOGS = YES;
				MTL_ENABLE_DEBUG_INFO = NO;
				MTL_FAST_MATH = YES;
				SDKROOT = iphoneos;
				SWIFT_COMPILATION_MODE = wholemodule;
				VALIDATE_PRODUCT = YES;
			};
			name = Release;
		};
		163CA2782B0419EA004401DF /* Debug */ = {
			isa = XCBuildConfiguration;
			buildSettings = {
				ASSETCATALOG_COMPILER_APPICON_NAME = AppIcon;
				ASSETCATALOG_COMPILER_GLOBAL_ACCENT_COLOR_NAME = AccentColor;
				CODE_SIGN_STYLE = Automatic;
				CURRENT_PROJECT_VERSION = 1;
				DEVELOPMENT_TEAM = KD22N7R738;
				GENERATE_INFOPLIST_FILE = YES;
				INFOPLIST_FILE = Authorization/Info.plist;
				INFOPLIST_KEY_UIApplicationSupportsIndirectInputEvents = YES;
				INFOPLIST_KEY_UILaunchStoryboardName = LaunchScreen;
				INFOPLIST_KEY_UIMainStoryboardFile = Main;
				INFOPLIST_KEY_UISupportedInterfaceOrientations_iPad = "UIInterfaceOrientationPortrait UIInterfaceOrientationPortraitUpsideDown UIInterfaceOrientationLandscapeLeft UIInterfaceOrientationLandscapeRight";
				INFOPLIST_KEY_UISupportedInterfaceOrientations_iPhone = "UIInterfaceOrientationPortrait UIInterfaceOrientationLandscapeLeft UIInterfaceOrientationLandscapeRight";
				LD_RUNPATH_SEARCH_PATHS = (
					"$(inherited)",
					"@executable_path/Frameworks",
				);
				MARKETING_VERSION = 1.0;
				PRODUCT_BUNDLE_IDENTIFIER = PleshakovAlexander.Authorization;
				PRODUCT_NAME = "$(TARGET_NAME)";
				SWIFT_EMIT_LOC_STRINGS = YES;
				SWIFT_VERSION = 5.0;
				TARGETED_DEVICE_FAMILY = "1,2";
			};
			name = Debug;
		};
		163CA2792B0419EA004401DF /* Release */ = {
			isa = XCBuildConfiguration;
			buildSettings = {
				ASSETCATALOG_COMPILER_APPICON_NAME = AppIcon;
				ASSETCATALOG_COMPILER_GLOBAL_ACCENT_COLOR_NAME = AccentColor;
				CODE_SIGN_STYLE = Automatic;
				CURRENT_PROJECT_VERSION = 1;
				DEVELOPMENT_TEAM = KD22N7R738;
				GENERATE_INFOPLIST_FILE = YES;
				INFOPLIST_FILE = Authorization/Info.plist;
				INFOPLIST_KEY_UIApplicationSupportsIndirectInputEvents = YES;
				INFOPLIST_KEY_UILaunchStoryboardName = LaunchScreen;
				INFOPLIST_KEY_UIMainStoryboardFile = Main;
				INFOPLIST_KEY_UISupportedInterfaceOrientations_iPad = "UIInterfaceOrientationPortrait UIInterfaceOrientationPortraitUpsideDown UIInterfaceOrientationLandscapeLeft UIInterfaceOrientationLandscapeRight";
				INFOPLIST_KEY_UISupportedInterfaceOrientations_iPhone = "UIInterfaceOrientationPortrait UIInterfaceOrientationLandscapeLeft UIInterfaceOrientationLandscapeRight";
				LD_RUNPATH_SEARCH_PATHS = (
					"$(inherited)",
					"@executable_path/Frameworks",
				);
				MARKETING_VERSION = 1.0;
				PRODUCT_BUNDLE_IDENTIFIER = PleshakovAlexander.Authorization;
				PRODUCT_NAME = "$(TARGET_NAME)";
				SWIFT_EMIT_LOC_STRINGS = YES;
				SWIFT_VERSION = 5.0;
				TARGETED_DEVICE_FAMILY = "1,2";
			};
			name = Release;
		};
		163CA27B2B0419EA004401DF /* Debug */ = {
			isa = XCBuildConfiguration;
			buildSettings = {
				ALWAYS_EMBED_SWIFT_STANDARD_LIBRARIES = YES;
				BUNDLE_LOADER = "$(TEST_HOST)";
				CODE_SIGN_STYLE = Automatic;
				CURRENT_PROJECT_VERSION = 1;
				DEVELOPMENT_TEAM = KD22N7R738;
				GENERATE_INFOPLIST_FILE = YES;
				IPHONEOS_DEPLOYMENT_TARGET = 17.0;
				MARKETING_VERSION = 1.0;
				PRODUCT_BUNDLE_IDENTIFIER = PleshakovAlexander.AuthorizationTests;
				PRODUCT_NAME = "$(TARGET_NAME)";
				SWIFT_EMIT_LOC_STRINGS = NO;
				SWIFT_VERSION = 5.0;
				TARGETED_DEVICE_FAMILY = "1,2";
				TEST_HOST = "$(BUILT_PRODUCTS_DIR)/Authorization.app/$(BUNDLE_EXECUTABLE_FOLDER_PATH)/Authorization";
			};
			name = Debug;
		};
		163CA27C2B0419EA004401DF /* Release */ = {
			isa = XCBuildConfiguration;
			buildSettings = {
				ALWAYS_EMBED_SWIFT_STANDARD_LIBRARIES = YES;
				BUNDLE_LOADER = "$(TEST_HOST)";
				CODE_SIGN_STYLE = Automatic;
				CURRENT_PROJECT_VERSION = 1;
				DEVELOPMENT_TEAM = KD22N7R738;
				GENERATE_INFOPLIST_FILE = YES;
				IPHONEOS_DEPLOYMENT_TARGET = 17.0;
				MARKETING_VERSION = 1.0;
				PRODUCT_BUNDLE_IDENTIFIER = PleshakovAlexander.AuthorizationTests;
				PRODUCT_NAME = "$(TARGET_NAME)";
				SWIFT_EMIT_LOC_STRINGS = NO;
				SWIFT_VERSION = 5.0;
				TARGETED_DEVICE_FAMILY = "1,2";
				TEST_HOST = "$(BUILT_PRODUCTS_DIR)/Authorization.app/$(BUNDLE_EXECUTABLE_FOLDER_PATH)/Authorization";
			};
			name = Release;
		};
		163CA27E2B0419EA004401DF /* Debug */ = {
			isa = XCBuildConfiguration;
			buildSettings = {
				ALWAYS_EMBED_SWIFT_STANDARD_LIBRARIES = YES;
				CODE_SIGN_STYLE = Automatic;
				CURRENT_PROJECT_VERSION = 1;
				DEVELOPMENT_TEAM = KD22N7R738;
				GENERATE_INFOPLIST_FILE = YES;
				MARKETING_VERSION = 1.0;
				PRODUCT_BUNDLE_IDENTIFIER = PleshakovAlexander.AuthorizationUITests;
				PRODUCT_NAME = "$(TARGET_NAME)";
				SWIFT_EMIT_LOC_STRINGS = NO;
				SWIFT_VERSION = 5.0;
				TARGETED_DEVICE_FAMILY = "1,2";
				TEST_TARGET_NAME = Authorization;
			};
			name = Debug;
		};
		163CA27F2B0419EA004401DF /* Release */ = {
			isa = XCBuildConfiguration;
			buildSettings = {
				ALWAYS_EMBED_SWIFT_STANDARD_LIBRARIES = YES;
				CODE_SIGN_STYLE = Automatic;
				CURRENT_PROJECT_VERSION = 1;
				DEVELOPMENT_TEAM = KD22N7R738;
				GENERATE_INFOPLIST_FILE = YES;
				MARKETING_VERSION = 1.0;
				PRODUCT_BUNDLE_IDENTIFIER = PleshakovAlexander.AuthorizationUITests;
				PRODUCT_NAME = "$(TARGET_NAME)";
				SWIFT_EMIT_LOC_STRINGS = NO;
				SWIFT_VERSION = 5.0;
				TARGETED_DEVICE_FAMILY = "1,2";
				TEST_TARGET_NAME = Authorization;
			};
			name = Release;
		};
/* End XCBuildConfiguration section */

/* Begin XCConfigurationList section */
		163CA2482B0419E7004401DF /* Build configuration list for PBXProject "Authorization" */ = {
			isa = XCConfigurationList;
			buildConfigurations = (
				163CA2752B0419EA004401DF /* Debug */,
				163CA2762B0419EA004401DF /* Release */,
			);
			defaultConfigurationIsVisible = 0;
			defaultConfigurationName = Release;
		};
		163CA2772B0419EA004401DF /* Build configuration list for PBXNativeTarget "Authorization" */ = {
			isa = XCConfigurationList;
			buildConfigurations = (
				163CA2782B0419EA004401DF /* Debug */,
				163CA2792B0419EA004401DF /* Release */,
			);
			defaultConfigurationIsVisible = 0;
			defaultConfigurationName = Release;
		};
		163CA27A2B0419EA004401DF /* Build configuration list for PBXNativeTarget "AuthorizationTests" */ = {
			isa = XCConfigurationList;
			buildConfigurations = (
				163CA27B2B0419EA004401DF /* Debug */,
				163CA27C2B0419EA004401DF /* Release */,
			);
			defaultConfigurationIsVisible = 0;
			defaultConfigurationName = Release;
		};
		163CA27D2B0419EA004401DF /* Build configuration list for PBXNativeTarget "AuthorizationUITests" */ = {
			isa = XCConfigurationList;
			buildConfigurations = (
				163CA27E2B0419EA004401DF /* Debug */,
				163CA27F2B0419EA004401DF /* Release */,
			);
			defaultConfigurationIsVisible = 0;
			defaultConfigurationName = Release;
		};
/* End XCConfigurationList section */
	};
	rootObject = 163CA2452B0419E7004401DF /* Project object */;
}
